
Microsoft Visual Studio Solution File, Format Version 12.00
# Visual Studio 15
VisualStudioVersion = 15.0.28307.1259
MinimumVisualStudioVersion = 10.0.40219.1
Project("{888888A0-9F3D-457C-B088-3A5042F75D52}") = "gan_demo", "gan_demo\gan_demo.pyproj", "{C8CC027E-D831-4F91-B3D6-D27D5C6EE8FC}"
EndProject
Global
	GlobalSection(SolutionConfigurationPlatforms) = preSolution
		Debug|Any CPU = Debug|Any CPU
		Release|Any CPU = Release|Any CPU
	EndGlobalSection
	GlobalSection(ProjectConfigurationPlatforms) = postSolution
		{C8CC027E-D831-4F91-B3D6-D27D5C6EE8FC}.Debug|Any CPU.ActiveCfg = Debug|Any CPU
		{C8CC027E-D831-4F91-B3D6-D27D5C6EE8FC}.Release|Any CPU.ActiveCfg = Release|Any CPU
	EndGlobalSection
	GlobalSection(SolutionProperties) = preSolution
		HideSolutionNode = FALSE
	EndGlobalSection
	GlobalSection(ExtensibilityGlobals) = postSolution
		SolutionGuid = {49825D52-9894-4396-965E-6BD27D21F781}
	EndGlobalSection
EndGlobal
